{
  "name": "test",
  "lockfileVersion": 3,
  "requires": true,
  "packages": {
    "": {
      "name": "test",
      "dependencies": {
        "discord.rs": "file:.."
      }
    },
    "..": {
      "name": "discord.rs",
      "version": "0.0.0",
      "license": "MIT",
      "devDependencies": {
        "@napi-rs/cli": "^2.15.2",
        "ava": "^5.1.1"
      },
      "engines": {
        "node": ">= 10"
      }
    },
    "node_modules/discord.rs": {
      "resolved": "..",
      "link": true
    }
  }
}
